# This file is automatically @generated by Poetry 2.1.3 and should not be changed by hand.

[[package]]
name = "pantograph"
version = "0.3.1"
description = "A machine-to-machine interaction system for Lean"
optional = false
python-versions = ">=3.9.0"
groups = ["main"]
files = []
develop = false

[package.source]
type = "git"
url = "https://github.com/stanford-centaur/PyPantograph.git"
reference = "657799dc8c4e81cbb8efaab93e0d656962b65dee"
resolved_reference = "657799dc8c4e81cbb8efaab93e0d656962b65dee"

[metadata]
lock-version = "2.1"
python-versions = "^3.9"
content-hash = "13f792c47422cac93392d7eca0d1e12b1fbb2013b6fe7be8de08098395c6685c"
